github.com/gomodule/redigo v2.0.0+incompatible h1:K/R+8tc58AaqLkqG2Ol3Qk+DR/TlNuhuh457pBFPtt0=
github.com/gomodule/redigo v2.0.0+incompatible/go.mod h1:B4C85qUVwatsJoIUNIfCRsp7qO0iAmpGFZ4EELWSbC4=
github.com/gorilla/mux v1.7.3 h1:gnP5JzjVOuiZD07fKKToCAOjS0yOpj/qPETTXCCS6hw=
github.com/gorilla/mux v1.7.3/go.mod h1:1lud6UwP+6orDFRuTfBEV8e9/aOM/c4fVVCaMa2zaAs=
github.com/mathieux51/gotodo v0.0.0-20190930110626-0aeee4986e35 h1:MTKth18qiCjJxt3MIuFYyxfupbg3Gjbp8Gc6/U/1lOw=
github.com/mathieux51/gotodo v0.0.0-20190930110626-0aeee4986e35/go.mod h1:T8dp+CG68LIxhcCdPowWJCad7zO9T1ErShRAEJyxFLA=
